
Microsoft Visual Studio Solution File, Format Version 12.00
# Visual Studio Version 17
VisualStudioVersion = 17.5.002.0
MinimumVisualStudioVersion = 10.0.40219.1
Project("{9A19103F-16F7-4668-BE54-9A1E7A4F7556}") = "FirstCSharp", "FirstCSharp.csproj", "{6C87F921-66E3-41CE-A3FF-786FE66A5964}"
EndProject
Global
	GlobalSection(SolutionConfigurationPlatforms) = preSolution
		Debug|Any CPU = Debug|Any CPU
		Release|Any CPU = Release|Any CPU
	EndGlobalSection
	GlobalSection(ProjectConfigurationPlatforms) = postSolution
		{6C87F921-66E3-41CE-A3FF-786FE66A5964}.Debug|Any CPU.ActiveCfg = Debug|Any CPU
		{6C87F921-66E3-41CE-A3FF-786FE66A5964}.Debug|Any CPU.Build.0 = Debug|Any CPU
		{6C87F921-66E3-41CE-A3FF-786FE66A5964}.Release|Any CPU.ActiveCfg = Release|Any CPU
		{6C87F921-66E3-41CE-A3FF-786FE66A5964}.Release|Any CPU.Build.0 = Release|Any CPU
	EndGlobalSection
	GlobalSection(SolutionProperties) = preSolution
		HideSolutionNode = FALSE
	EndGlobalSection
	GlobalSection(ExtensibilityGlobals) = postSolution
		SolutionGuid = {43DDE6AA-25C8-4128-9AA3-88E17E374AA7}
	EndGlobalSection
EndGlobal
